{
  "name": "mapocalypse",
  "version": "0.0.1",
  "lockfileVersion": 1,
  "requires": true,
  "dependencies": {
    "jasmine-core": {
      "version": "2.8.0",
      "resolved": "https://registry.npmjs.org/jasmine-core/-/jasmine-core-2.8.0.tgz",
      "integrity": "sha1-vMl5rh+f0FcB5F5S5l06XWPxok4="
    },
    "jquery": {
      "version": "3.2.1",
      "resolved": "https://registry.npmjs.org/jquery/-/jquery-3.2.1.tgz",
      "integrity": "sha1-XE2d5lKvbNCncBVKYxu6ErAVx4c="
    },
    "jquery-easing": {
      "version": "0.0.1",
      "resolved": "https://registry.npmjs.org/jquery-easing/-/jquery-easing-0.0.1.tgz",
      "integrity": "sha1-s8N1JbVXNNwe4a0JtsM3MYdodxU=",
      "requires": {
        "jquery": "3.2.1"
      }
    },
    "marker-animate": {
      "version": "0.0.1",
      "resolved": "https://registry.npmjs.org/marker-animate/-/marker-animate-0.0.1.tgz",
      "integrity": "sha1-iDr7h+hCB1r1cdBGL+GpRNu6bRE=",
      "requires": {
        "jquery": "3.2.1",
        "jquery-easing": "0.0.1"
      }
    },
    "marker-animate-unobtrusive": {
      "version": "0.2.8",
      "resolved": "https://registry.npmjs.org/marker-animate-unobtrusive/-/marker-animate-unobtrusive-0.2.8.tgz",
      "integrity": "sha1-bpIiZ4EWlWfr+33vqsK8+Jldoj0=",
      "requires": {
        "jasmine-core": "2.8.0",
        "jquery": "3.2.1",
        "marker-animate": "0.0.1"
      }
    }
  }
}
